
Microsoft Visual Studio Solution File, Format Version 12.00
# Visual Studio Version 16
VisualStudioVersion = 16.0.29519.181
MinimumVisualStudioVersion = 10.0.40219.1
Project("{FAE04EC0-301F-11D3-BF4B-00C04F79EFBC}") = "Studying CS", "Studying CS\Studying CS.csproj", "{B92FC668-4465-46DE-B875-BA769C396C21}"
EndProject
Project("{FAE04EC0-301F-11D3-BF4B-00C04F79EFBC}") = "Tasks", "Tasks\Tasks.csproj", "{C0E81554-B44E-418B-B25F-4793E0EFA2EB}"
EndProject
Global
	GlobalSection(SolutionConfigurationPlatforms) = preSolution
		Debug|Any CPU = Debug|Any CPU
		Release|Any CPU = Release|Any CPU
	EndGlobalSection
	GlobalSection(ProjectConfigurationPlatforms) = postSolution
		{B92FC668-4465-46DE-B875-BA769C396C21}.Debug|Any CPU.ActiveCfg = Debug|Any CPU
		{B92FC668-4465-46DE-B875-BA769C396C21}.Debug|Any CPU.Build.0 = Debug|Any CPU
		{B92FC668-4465-46DE-B875-BA769C396C21}.Release|Any CPU.ActiveCfg = Release|Any CPU
		{B92FC668-4465-46DE-B875-BA769C396C21}.Release|Any CPU.Build.0 = Release|Any CPU
		{C0E81554-B44E-418B-B25F-4793E0EFA2EB}.Debug|Any CPU.ActiveCfg = Debug|Any CPU
		{C0E81554-B44E-418B-B25F-4793E0EFA2EB}.Debug|Any CPU.Build.0 = Debug|Any CPU
		{C0E81554-B44E-418B-B25F-4793E0EFA2EB}.Release|Any CPU.ActiveCfg = Release|Any CPU
		{C0E81554-B44E-418B-B25F-4793E0EFA2EB}.Release|Any CPU.Build.0 = Release|Any CPU
	EndGlobalSection
	GlobalSection(SolutionProperties) = preSolution
		HideSolutionNode = FALSE
	EndGlobalSection
	GlobalSection(ExtensibilityGlobals) = postSolution
		SolutionGuid = {5762A6C9-7AED-4563-BE7F-B95982BB73B4}
	EndGlobalSection
EndGlobal
